// !$*UTF8*$!
{
	archiveVersion = 1;
	classes = {
	};
	objectVersion = 46;
	objects = {

/* Begin PBXBuildFile section */
		8A5BFC585BE7E5C09EFE9D87 /* libPods-Flicks.a in Frameworks */ = {isa = PBXBuildFile; fileRef = D7ACBB8A1A45BA03FA88147E /* libPods-Flicks.a */; };
		ED54285F1E3683F5000EC5B8 /* main.m in Sources */ = {isa = PBXBuildFile; fileRef = ED54285E1E3683F5000EC5B8 /* main.m */; };
		ED5428621E3683F5000EC5B8 /* AppDelegate.m in Sources */ = {isa = PBXBuildFile; fileRef = ED5428611E3683F5000EC5B8 /* AppDelegate.m */; };
		ED5428651E3683F5000EC5B8 /* ViewController.m in Sources */ = {isa = PBXBuildFile; fileRef = ED5428641E3683F5000EC5B8 /* ViewController.m */; };
		ED5428681E3683F5000EC5B8 /* Main.storyboard in Resources */ = {isa = PBXBuildFile; fileRef = ED5428661E3683F5000EC5B8 /* Main.storyboard */; };
		ED54286A1E3683F5000EC5B8 /* Assets.xcassets in Resources */ = {isa = PBXBuildFile; fileRef = ED5428691E3683F5000EC5B8 /* Assets.xcassets */; };
		ED54286D1E3683F5000EC5B8 /* LaunchScreen.storyboard in Resources */ = {isa = PBXBuildFile; fileRef = ED54286B1E3683F5000EC5B8 /* LaunchScreen.storyboard */; };
		ED5428761E368A39000EC5B8 /* MovieCell.m in Sources */ = {isa = PBXBuildFile; fileRef = ED5428751E368A39000EC5B8 /* MovieCell.m */; };
		ED62F6461E36A5A4002B3927 /* Flick.m in Sources */ = {isa = PBXBuildFile; fileRef = ED62F6451E36A5A4002B3927 /* Flick.m */; };
		ED9397BB1E36AA2B00E9A8EB /* APICaller.m in Sources */ = {isa = PBXBuildFile; fileRef = ED9397BA1E36AA2B00E9A8EB /* APICaller.m */; };
/* End PBXBuildFile section */

/* Begin PBXFileReference section */
		890ABE961552759CCEBD5DCF /* Pods-Flicks.release.xcconfig */ = {isa = PBXFileReference; includeInIndex = 1; lastKnownFileType = text.xcconfig; name = "Pods-Flicks.release.xcconfig"; path = "Pods/Target Support Files/Pods-Flicks/Pods-Flicks.release.xcconfig"; sourceTree = "<group>"; };
		C3F5599A357FBE1C3F6AB9DD /* Pods-Flicks.debug.xcconfig */ = {isa = PBXFileReference; includeInIndex = 1; lastKnownFileType = text.xcconfig; name = "Pods-Flicks.debug.xcconfig"; path = "Pods/Target Support Files/Pods-Flicks/Pods-Flicks.debug.xcconfig"; sourceTree = "<group>"; };
		D7ACBB8A1A45BA03FA88147E /* libPods-Flicks.a */ = {isa = PBXFileReference; explicitFileType = archive.ar; includeInIndex = 0; path = "libPods-Flicks.a"; sourceTree = BUILT_PRODUCTS_DIR; };
		ED54285A1E3683F5000EC5B8 /* Flicks.app */ = {isa = PBXFileReference; explicitFileType = wrapper.application; includeInIndex = 0; path = Flicks.app; sourceTree = BUILT_PRODUCTS_DIR; };
		ED54285E1E3683F5000EC5B8 /* main.m */ = {isa = PBXFileReference; lastKnownFileType = sourcecode.c.objc; path = main.m; sourceTree = "<group>"; };
		ED5428601E3683F5000EC5B8 /* AppDelegate.h */ = {isa = PBXFileReference; lastKnownFileType = sourcecode.c.h; path = AppDelegate.h; sourceTree = "<group>"; };
		ED5428611E3683F5000EC5B8 /* AppDelegate.m */ = {isa = PBXFileReference; lastKnownFileType = sourcecode.c.objc; path = AppDelegate.m; sourceTree = "<group>"; };
		ED5428631E3683F5000EC5B8 /* ViewController.h */ = {isa = PBXFileReference; lastKnownFileType = sourcecode.c.h; path = ViewController.h; sourceTree = "<group>"; };
		ED5428641E3683F5000EC5B8 /* ViewController.m */ = {isa = PBXFileReference; lastKnownFileType = sourcecode.c.objc; path = ViewController.m; sourceTree = "<group>"; };
		ED5428671E3683F5000EC5B8 /* Base */ = {isa = PBXFileReference; lastKnownFileType = file.storyboard; name = Base; path = Base.lproj/Main.storyboard; sourceTree = "<group>"; };
		ED5428691E3683F5000EC5B8 /* Assets.xcassets */ = {isa = PBXFileReference; lastKnownFileType = folder.assetcatalog; path = Assets.xcassets; sourceTree = "<group>"; };
		ED54286C1E3683F5000EC5B8 /* Base */ = {isa = PBXFileReference; lastKnownFileType = file.storyboard; name = Base; path = Base.lproj/LaunchScreen.storyboard; sourceTree = "<group>"; };
		ED54286E1E3683F5000EC5B8 /* Info.plist */ = {isa = PBXFileReference; lastKnownFileType = text.plist.xml; path = Info.plist; sourceTree = "<group>"; };
		ED5428741E368A39000EC5B8 /* MovieCell.h */ = {isa = PBXFileReference; fileEncoding = 4; lastKnownFileType = sourcecode.c.h; path = MovieCell.h; sourceTree = "<group>"; };
		ED5428751E368A39000EC5B8 /* MovieCell.m */ = {isa = PBXFileReference; fileEncoding = 4; lastKnownFileType = sourcecode.c.objc; path = MovieCell.m; sourceTree = "<group>"; };
		ED62F6441E36A5A4002B3927 /* Flick.h */ = {isa = PBXFileReference; fileEncoding = 4; lastKnownFileType = sourcecode.c.h; path = Flick.h; sourceTree = "<group>"; };
		ED62F6451E36A5A4002B3927 /* Flick.m */ = {isa = PBXFileReference; fileEncoding = 4; lastKnownFileType = sourcecode.c.objc; path = Flick.m; sourceTree = "<group>"; };
		ED9397B91E36AA2B00E9A8EB /* APICaller.h */ = {isa = PBXFileReference; fileEncoding = 4; lastKnownFileType = sourcecode.c.h; path = APICaller.h; sourceTree = "<group>"; };
		ED9397BA1E36AA2B00E9A8EB /* APICaller.m */ = {isa = PBXFileReference; fileEncoding = 4; lastKnownFileType = sourcecode.c.objc; path = APICaller.m; sourceTree = "<group>"; };
/* End PBXFileReference section */

/* Begin PBXFrameworksBuildPhase section */
		ED5428571E3683F5000EC5B8 /* Frameworks */ = {
			isa = PBXFrameworksBuildPhase;
			buildActionMask = 2147483647;
			files = (
				8A5BFC585BE7E5C09EFE9D87 /* libPods-Flicks.a in Frameworks */,
			);
			runOnlyForDeploymentPostprocessing = 0;
		};
/* End PBXFrameworksBuildPhase section */

/* Begin PBXGroup section */
		077C027F80224CFEE87BDD33 /* Pods */ = {
			isa = PBXGroup;
			children = (
				C3F5599A357FBE1C3F6AB9DD /* Pods-Flicks.debug.xcconfig */,
				890ABE961552759CCEBD5DCF /* Pods-Flicks.release.xcconfig */,
			);
			name = Pods;
			sourceTree = "<group>";
		};
		90A4C56468FFDA89A8B3F0E3 /* Frameworks */ = {
			isa = PBXGroup;
			children = (
				D7ACBB8A1A45BA03FA88147E /* libPods-Flicks.a */,
			);
			name = Frameworks;
			sourceTree = "<group>";
		};
		ED5428511E3683F5000EC5B8 = {
			isa = PBXGroup;
			children = (
				ED54285C1E3683F5000EC5B8 /* Flicks */,
				ED54285B1E3683F5000EC5B8 /* Products */,
				077C027F80224CFEE87BDD33 /* Pods */,
				90A4C56468FFDA89A8B3F0E3 /* Frameworks */,
			);
			sourceTree = "<group>";
		};
		ED54285B1E3683F5000EC5B8 /* Products */ = {
			isa = PBXGroup;
			children = (
				ED54285A1E3683F5000EC5B8 /* Flicks.app */,
			);
			name = Products;
			sourceTree = "<group>";
		};
		ED54285C1E3683F5000EC5B8 /* Flicks */ = {
			isa = PBXGroup;
			children = (
				ED9397B81E36AA0C00E9A8EB /* APICall */,
				ED62F6431E36A575002B3927 /* Models */,
				ED5428601E3683F5000EC5B8 /* AppDelegate.h */,
				ED5428611E3683F5000EC5B8 /* AppDelegate.m */,
				ED5428631E3683F5000EC5B8 /* ViewController.h */,
				ED5428641E3683F5000EC5B8 /* ViewController.m */,
				ED5428661E3683F5000EC5B8 /* Main.storyboard */,
				ED5428741E368A39000EC5B8 /* MovieCell.h */,
				ED5428751E368A39000EC5B8 /* MovieCell.m */,
				ED5428691E3683F5000EC5B8 /* Assets.xcassets */,
				ED54286B1E3683F5000EC5B8 /* LaunchScreen.storyboard */,
				ED54286E1E3683F5000EC5B8 /* Info.plist */,
				ED54285D1E3683F5000EC5B8 /* Supporting Files */,
			);
			path = Flicks;
			sourceTree = "<group>";
		};
		ED54285D1E3683F5000EC5B8 /* Supporting Files */ = {
			isa = PBXGroup;
			children = (
				ED54285E1E3683F5000EC5B8 /* main.m */,
			);
			name = "Supporting Files";
			sourceTree = "<group>";
		};
		ED62F6431E36A575002B3927 /* Models */ = {
			isa = PBXGroup;
			children = (
				ED62F6441E36A5A4002B3927 /* Flick.h */,
				ED62F6451E36A5A4002B3927 /* Flick.m */,
			);
			name = Models;
			sourceTree = "<group>";
		};
		ED9397B81E36AA0C00E9A8EB /* APICall */ = {
			isa = PBXGroup;
			children = (
				ED9397B91E36AA2B00E9A8EB /* APICaller.h */,
				ED9397BA1E36AA2B00E9A8EB /* APICaller.m */,
			);
			name = APICall;
			sourceTree = "<group>";
		};
/* End PBXGroup section */

/* Begin PBXNativeTarget section */
		ED5428591E3683F5000EC5B8 /* Flicks */ = {
			isa = PBXNativeTarget;
			buildConfigurationList = ED5428711E3683F5000EC5B8 /* Build configuration list for PBXNativeTarget "Flicks" */;
			buildPhases = (
				2621359E79813D8726562AA3 /* [CP] Check Pods Manifest.lock */,
				ED5428561E3683F5000EC5B8 /* Sources */,
				ED5428571E3683F5000EC5B8 /* Frameworks */,
				ED5428581E3683F5000EC5B8 /* Resources */,
				5A5C495B54BBEABDBD41787D /* [CP] Embed Pods Frameworks */,
				8412A0D4D96865ACC9876BCC /* [CP] Copy Pods Resources */,
			);
			buildRules = (
			);
			dependencies = (
			);
			name = Flicks;
			productName = Flicks;
			productReference = ED54285A1E3683F5000EC5B8 /* Flicks.app */;
			productType = "com.apple.product-type.application";
		};
/* End PBXNativeTarget section */

/* Begin PBXProject section */
		ED5428521E3683F5000EC5B8 /* Project object */ = {
			isa = PBXProject;
			attributes = {
				LastUpgradeCheck = 0820;
				ORGANIZATIONNAME = "Y.CORP.YAHOO.COM\\leano";
				TargetAttributes = {
					ED5428591E3683F5000EC5B8 = {
						CreatedOnToolsVersion = 8.2.1;
						ProvisioningStyle = Automatic;
					};
				};
			};
			buildConfigurationList = ED5428551E3683F5000EC5B8 /* Build configuration list for PBXProject "Flicks" */;
			compatibilityVersion = "Xcode 3.2";
			developmentRegion = English;
			hasScannedForEncodings = 0;
			knownRegions = (
				en,
				Base,
			);
			mainGroup = ED5428511E3683F5000EC5B8;
			productRefGroup = ED54285B1E3683F5000EC5B8 /* Products */;
			projectDirPath = "";
			projectRoot = "";
			targets = (
				ED5428591E3683F5000EC5B8 /* Flicks */,
			);
		};
/* End PBXProject section */

/* Begin PBXResourcesBuildPhase section */
		ED5428581E3683F5000EC5B8 /* Resources */ = {
			isa = PBXResourcesBuildPhase;
			buildActionMask = 2147483647;
			files = (
				ED54286D1E3683F5000EC5B8 /* LaunchScreen.storyboard in Resources */,
				ED54286A1E3683F5000EC5B8 /* Assets.xcassets in Resources */,
				ED5428681E3683F5000EC5B8 /* Main.storyboard in Resources */,
			);
			runOnlyForDeploymentPostprocessing = 0;
		};
/* End PBXResourcesBuildPhase section */

/* Begin PBXShellScriptBuildPhase section */
		2621359E79813D8726562AA3 /* [CP] Check Pods Manifest.lock */ = {
			isa = PBXShellScriptBuildPhase;
			buildActionMask = 2147483647;
			files = (
			);
			inputPaths = (
			);
			name = "[CP] Check Pods Manifest.lock";
			outputPaths = (
			);
			runOnlyForDeploymentPostprocessing = 0;
			shellPath = /bin/sh;
			shellScript = "diff \"${PODS_ROOT}/../Podfile.lock\" \"${PODS_ROOT}/Manifest.lock\" > /dev/null\nif [ $? != 0 ] ; then\n    # print error to STDERR\n    echo \"error: The sandbox is not in sync with the Podfile.lock. Run 'pod install' or update your CocoaPods installation.\" >&2\n    exit 1\nfi\n";
			showEnvVarsInLog = 0;
		};
		5A5C495B54BBEABDBD41787D /* [CP] Embed Pods Frameworks */ = {
			isa = PBXShellScriptBuildPhase;
			buildActionMask = 2147483647;
			files = (
			);
			inputPaths = (
			);
			name = "[CP] Embed Pods Frameworks";
			outputPaths = (
			);
			runOnlyForDeploymentPostprocessing = 0;
			shellPath = /bin/sh;
			shellScript = "\"${SRCROOT}/Pods/Target Support Files/Pods-Flicks/Pods-Flicks-frameworks.sh\"\n";
			showEnvVarsInLog = 0;
		};
		8412A0D4D96865ACC9876BCC /* [CP] Copy Pods Resources */ = {
			isa = PBXShellScriptBuildPhase;
			buildActionMask = 2147483647;
			files = (
			);
			inputPaths = (
			);
			name = "[CP] Copy Pods Resources";
			outputPaths = (
			);
			runOnlyForDeploymentPostprocessing = 0;
			shellPath = /bin/sh;
			shellScript = "\"${SRCROOT}/Pods/Target Support Files/Pods-Flicks/Pods-Flicks-resources.sh\"\n";
			showEnvVarsInLog = 0;
		};
/* End PBXShellScriptBuildPhase section */

/* Begin PBXSourcesBuildPhase section */
		ED5428561E3683F5000EC5B8 /* Sources */ = {
			isa = PBXSourcesBuildPhase;
			buildActionMask = 2147483647;
			files = (
				ED5428651E3683F5000EC5B8 /* ViewController.m in Sources */,
				ED5428621E3683F5000EC5B8 /* AppDelegate.m in Sources */,
				ED5428761E368A39000EC5B8 /* MovieCell.m in Sources */,
				ED62F6461E36A5A4002B3927 /* Flick.m in Sources */,
				ED54285F1E3683F5000EC5B8 /* main.m in Sources */,
				ED9397BB1E36AA2B00E9A8EB /* APICaller.m in Sources */,
			);
			runOnlyForDeploymentPostprocessing = 0;
		};
/* End PBXSourcesBuildPhase section */

/* Begin PBXVariantGroup section */
		ED5428661E3683F5000EC5B8 /* Main.storyboard */ = {
			isa = PBXVariantGroup;
			children = (
				ED5428671E3683F5000EC5B8 /* Base */,
			);
			name = Main.storyboard;
			sourceTree = "<group>";
		};
		ED54286B1E3683F5000EC5B8 /* LaunchScreen.storyboard */ = {
			isa = PBXVariantGroup;
			children = (
				ED54286C1E3683F5000EC5B8 /* Base */,
			);
			name = LaunchScreen.storyboard;
			sourceTree = "<group>";
		};
/* End PBXVariantGroup section */

/* Begin XCBuildConfiguration section */
		ED54286F1E3683F5000EC5B8 /* Debug */ = {
			isa = XCBuildConfiguration;
			buildSettings = {
				ALWAYS_SEARCH_USER_PATHS = NO;
				CLANG_ANALYZER_NONNULL = YES;
				CLANG_CXX_LANGUAGE_STANDARD = "gnu++0x";
				CLANG_CXX_LIBRARY = "libc++";
				CLANG_ENABLE_MODULES = YES;
				CLANG_ENABLE_OBJC_ARC = YES;
				CLANG_WARN_BOOL_CONVERSION = YES;
				CLANG_WARN_CONSTANT_CONVERSION = YES;
				CLANG_WARN_DIRECT_OBJC_ISA_USAGE = YES_ERROR;
				CLANG_WARN_DOCUMENTATION_COMMENTS = YES;
				CLANG_WARN_EMPTY_BODY = YES;
				CLANG_WARN_ENUM_CONVERSION = YES;
				CLANG_WARN_INFINITE_RECURSION = YES;
				CLANG_WARN_INT_CONVERSION = YES;
				CLANG_WARN_OBJC_ROOT_CLASS = YES_ERROR;
				CLANG_WARN_SUSPICIOUS_MOVE = YES;
				CLANG_WARN_UNREACHABLE_CODE = YES;
				CLANG_WARN__DUPLICATE_METHOD_MATCH = YES;
				"CODE_SIGN_IDENTITY[sdk=iphoneos*]" = "iPhone Developer";
				COPY_PHASE_STRIP = NO;
				DEBUG_INFORMATION_FORMAT = dwarf;
				ENABLE_STRICT_OBJC_MSGSEND = YES;
				ENABLE_TESTABILITY = YES;
				GCC_C_LANGUAGE_STANDARD = gnu99;
				GCC_DYNAMIC_NO_PIC = NO;
				GCC_NO_COMMON_BLOCKS = YES;
				GCC_OPTIMIZATION_LEVEL = 0;
				GCC_PREPROCESSOR_DEFINITIONS = (
					"DEBUG=1",
					"$(inherited)",
				);
				GCC_WARN_64_TO_32_BIT_CONVERSION = YES;
				GCC_WARN_ABOUT_RETURN_TYPE = YES_ERROR;
				GCC_WARN_UNDECLARED_SELECTOR = YES;
				GCC_WARN_UNINITIALIZED_AUTOS = YES_AGGRESSIVE;
				GCC_WARN_UNUSED_FUNCTION = YES;
				GCC_WARN_UNUSED_VARIABLE = YES;
				IPHONEOS_DEPLOYMENT_TARGET = 10.2;
				MTL_ENABLE_DEBUG_INFO = YES;
				ONLY_ACTIVE_ARCH = YES;
				SDKROOT = iphoneos;
				TARGETED_DEVICE_FAMILY = "1,2";
			};
			name = Debug;
		};
		ED5428701E3683F5000EC5B8 /* Release */ = {
			isa = XCBuildConfiguration;
			buildSettings = {
				ALWAYS_SEARCH_USER_PATHS = NO;
				CLANG_ANALYZER_NONNULL = YES;
				CLANG_CXX_LANGUAGE_STANDARD = "gnu++0x";
				CLANG_CXX_LIBRARY = "libc++";
				CLANG_ENABLE_MODULES = YES;
				CLANG_ENABLE_OBJC_ARC = YES;
				CLANG_WARN_BOOL_CONVERSION = YES;
				CLANG_WARN_CONSTANT_CONVERSION = YES;
				CLANG_WARN_DIRECT_OBJC_ISA_USAGE = YES_ERROR;
				CLANG_WARN_DOCUMENTATION_COMMENTS = YES;
				CLANG_WARN_EMPTY_BODY = YES;
				CLANG_WARN_ENUM_CONVERSION = YES;
				CLANG_WARN_INFINITE_RECURSION = YES;
				CLANG_WARN_INT_CONVERSION = YES;
				CLANG_WARN_OBJC_ROOT_CLASS = YES_ERROR;
				CLANG_WARN_SUSPICIOUS_MOVE = YES;
				CLANG_WARN_UNREACHABLE_CODE = YES;
				CLANG_WARN__DUPLICATE_METHOD_MATCH = YES;
				"CODE_SIGN_IDENTITY[sdk=iphoneos*]" = "iPhone Developer";
				COPY_PHASE_STRIP = NO;
				DEBUG_INFORMATION_FORMAT = "dwarf-with-dsym";
				ENABLE_NS_ASSERTIONS = NO;
				ENABLE_STRICT_OBJC_MSGSEND = YES;
				GCC_C_LANGUAGE_STANDARD = gnu99;
				GCC_NO_COMMON_BLOCKS = YES;
				GCC_WARN_64_TO_32_BIT_CONVERSION = YES;
				GCC_WARN_ABOUT_RETURN_TYPE = YES_ERROR;
				GCC_WARN_UNDECLARED_SELECTOR = YES;
				GCC_WARN_UNINITIALIZED_AUTOS = YES_AGGRESSIVE;
				GCC_WARN_UNUSED_FUNCTION = YES;
				GCC_WARN_UNUSED_VARIABLE = YES;
				IPHONEOS_DEPLOYMENT_TARGET = 10.2;
				MTL_ENABLE_DEBUG_INFO = NO;
				SDKROOT = iphoneos;
				TARGETED_DEVICE_FAMILY = "1,2";
				VALIDATE_PRODUCT = YES;
			};
			name = Release;
		};
		ED5428721E3683F5000EC5B8 /* Debug */ = {
			isa = XCBuildConfiguration;
			baseConfigurationReference = C3F5599A357FBE1C3F6AB9DD /* Pods-Flicks.debug.xcconfig */;
			buildSettings = {
				ASSETCATALOG_COMPILER_APPICON_NAME = AppIcon;
				INFOPLIST_FILE = Flicks/Info.plist;
				LD_RUNPATH_SEARCH_PATHS = "$(inherited) @executable_path/Frameworks";
				PRODUCT_BUNDLE_IDENTIFIER = Yahoo.Flicks;
				PRODUCT_NAME = "$(TARGET_NAME)";
			};
			name = Debug;
		};
		ED5428731E3683F5000EC5B8 /* Release */ = {
			isa = XCBuildConfiguration;
			baseConfigurationReference = 890ABE961552759CCEBD5DCF /* Pods-Flicks.release.xcconfig */;
			buildSettings = {
				ASSETCATALOG_COMPILER_APPICON_NAME = AppIcon;
				INFOPLIST_FILE = Flicks/Info.plist;
				LD_RUNPATH_SEARCH_PATHS = "$(inherited) @executable_path/Frameworks";
				PRODUCT_BUNDLE_IDENTIFIER = Yahoo.Flicks;
				PRODUCT_NAME = "$(TARGET_NAME)";
			};
			name = Release;
		};
/* End XCBuildConfiguration section */

/* Begin XCConfigurationList section */
		ED5428551E3683F5000EC5B8 /* Build configuration list for PBXProject "Flicks" */ = {
			isa = XCConfigurationList;
			buildConfigurations = (
				ED54286F1E3683F5000EC5B8 /* Debug */,
				ED5428701E3683F5000EC5B8 /* Release */,
			);
			defaultConfigurationIsVisible = 0;
			defaultConfigurationName = Release;
		};
		ED5428711E3683F5000EC5B8 /* Build configuration list for PBXNativeTarget "Flicks" */ = {
			isa = XCConfigurationList;
			buildConfigurations = (
				ED5428721E3683F5000EC5B8 /* Debug */,
				ED5428731E3683F5000EC5B8 /* Release */,
			);
			defaultConfigurationIsVisible = 0;
			defaultConfigurationName = Release;
		};
/* End XCConfigurationList section */
	};
	rootObject = ED5428521E3683F5000EC5B8 /* Project object */;
}
